{
  "name": "yarn-lock-resolved-override-registry",
  "version": "1.0.0",
  "lockfileVersion": 1,
  "dependencies": {
    "lodash.isarray": {
      "version": "4.0.0",
      "resolved": "https://127.0.0.1:1/lodash.isarray/-/lodash.isarray-4.0.0.tgz",
      "integrity": "sha1-KspJayjEym1yZxUxNZDALm6jRAM="
    }
  }
}
